
Microsoft Visual Studio Solution File, Format Version 12.00
# Visual Studio Version 17
VisualStudioVersion = 17.2.32616.157
MinimumVisualStudioVersion = 10.0.40219.1
Project("{FAE04EC0-301F-11D3-BF4B-00C04F79EFBC}") = "covali.ICloneableExample", "covali.ICloneableExample\covali.ICloneableExample.csproj", "{EC6E410E-6FD2-4193-B5AD-6A874781378B}"
EndProject
Global
	GlobalSection(SolutionConfigurationPlatforms) = preSolution
		Debug|Any CPU = Debug|Any CPU
		Release|Any CPU = Release|Any CPU
	EndGlobalSection
	GlobalSection(ProjectConfigurationPlatforms) = postSolution
		{EC6E410E-6FD2-4193-B5AD-6A874781378B}.Debug|Any CPU.ActiveCfg = Debug|Any CPU
		{EC6E410E-6FD2-4193-B5AD-6A874781378B}.Debug|Any CPU.Build.0 = Debug|Any CPU
		{EC6E410E-6FD2-4193-B5AD-6A874781378B}.Release|Any CPU.ActiveCfg = Release|Any CPU
		{EC6E410E-6FD2-4193-B5AD-6A874781378B}.Release|Any CPU.Build.0 = Release|Any CPU
	EndGlobalSection
	GlobalSection(SolutionProperties) = preSolution
		HideSolutionNode = FALSE
	EndGlobalSection
	GlobalSection(ExtensibilityGlobals) = postSolution
		SolutionGuid = {FE543541-11BF-4646-8DB3-95B44DF9E66A}
	EndGlobalSection
EndGlobal
